
Microsoft Visual Studio Solution File, Format Version 12.00
# Visual Studio Version 16
VisualStudioVersion = 16.0.31129.286
MinimumVisualStudioVersion = 10.0.40219.1
Project("{FAE04EC0-301F-11D3-BF4B-00C04F79EFBC}") = "IndexerSourceGenerator", "IndexerSourceGenerator\IndexerSourceGenerator.csproj", "{AC52317D-3BC8-4E33-8797-CC7C90ED4FA0}"
EndProject
Project("{FAE04EC0-301F-11D3-BF4B-00C04F79EFBC}") = "GeneratorUsageExample", "GeneratorUsageExample\GeneratorUsageExample.csproj", "{B32FBEDE-85A7-48A9-80B2-75F865790D3B}"
EndProject
Global
	GlobalSection(SolutionConfigurationPlatforms) = preSolution
		Debug|Any CPU = Debug|Any CPU
		Release|Any CPU = Release|Any CPU
	EndGlobalSection
	GlobalSection(ProjectConfigurationPlatforms) = postSolution
		{AC52317D-3BC8-4E33-8797-CC7C90ED4FA0}.Debug|Any CPU.ActiveCfg = Debug|Any CPU
		{AC52317D-3BC8-4E33-8797-CC7C90ED4FA0}.Debug|Any CPU.Build.0 = Debug|Any CPU
		{AC52317D-3BC8-4E33-8797-CC7C90ED4FA0}.Release|Any CPU.ActiveCfg = Release|Any CPU
		{AC52317D-3BC8-4E33-8797-CC7C90ED4FA0}.Release|Any CPU.Build.0 = Release|Any CPU
		{B32FBEDE-85A7-48A9-80B2-75F865790D3B}.Debug|Any CPU.ActiveCfg = Debug|Any CPU
		{B32FBEDE-85A7-48A9-80B2-75F865790D3B}.Debug|Any CPU.Build.0 = Debug|Any CPU
		{B32FBEDE-85A7-48A9-80B2-75F865790D3B}.Release|Any CPU.ActiveCfg = Release|Any CPU
		{B32FBEDE-85A7-48A9-80B2-75F865790D3B}.Release|Any CPU.Build.0 = Release|Any CPU
	EndGlobalSection
	GlobalSection(SolutionProperties) = preSolution
		HideSolutionNode = FALSE
	EndGlobalSection
	GlobalSection(ExtensibilityGlobals) = postSolution
		SolutionGuid = {CEF65A7E-3622-47D0-9777-CC4B502BF1D7}
	EndGlobalSection
EndGlobal
