
Microsoft Visual Studio Solution File, Format Version 12.00
# Visual Studio Version 16
VisualStudioVersion = 16.0.30804.86
MinimumVisualStudioVersion = 10.0.40219.1
Project("{FAE04EC0-301F-11D3-BF4B-00C04F79EFBC}") = "KriterisEngine", "KriterisEngine.csproj", "{DBF755BF-A8D5-480F-B445-8BEB41EE014C}"
EndProject
Global
	GlobalSection(SolutionConfigurationPlatforms) = preSolution
		Debug|Any CPU = Debug|Any CPU
		Release|Any CPU = Release|Any CPU
	EndGlobalSection
	GlobalSection(ProjectConfigurationPlatforms) = postSolution
		{DBF755BF-A8D5-480F-B445-8BEB41EE014C}.Debug|Any CPU.ActiveCfg = Debug|Any CPU
		{DBF755BF-A8D5-480F-B445-8BEB41EE014C}.Debug|Any CPU.Build.0 = Debug|Any CPU
		{DBF755BF-A8D5-480F-B445-8BEB41EE014C}.Release|Any CPU.ActiveCfg = Release|Any CPU
		{DBF755BF-A8D5-480F-B445-8BEB41EE014C}.Release|Any CPU.Build.0 = Release|Any CPU
	EndGlobalSection
	GlobalSection(SolutionProperties) = preSolution
		HideSolutionNode = FALSE
	EndGlobalSection
	GlobalSection(ExtensibilityGlobals) = postSolution
		SolutionGuid = {E3DBD4C8-A52F-479A-ADAF-24CA23E6D99C}
	EndGlobalSection
EndGlobal
