
Microsoft Visual Studio Solution File, Format Version 12.00
Project("{FAE04EC0-301F-11D3-BF4B-00C04F79EFBC}") = "WritableBitmapFPS", "WritableBitmapFPS.csproj", "{B858D8F5-D5A1-49CB-87C1-290774FD106D}"
EndProject
Global
	GlobalSection(SolutionConfigurationPlatforms) = preSolution
		Debug|Any CPU = Debug|Any CPU
		Release|Any CPU = Release|Any CPU
	EndGlobalSection
	GlobalSection(ProjectConfigurationPlatforms) = postSolution
		{B858D8F5-D5A1-49CB-87C1-290774FD106D}.Debug|Any CPU.ActiveCfg = Debug|Any CPU
		{B858D8F5-D5A1-49CB-87C1-290774FD106D}.Debug|Any CPU.Build.0 = Debug|Any CPU
		{B858D8F5-D5A1-49CB-87C1-290774FD106D}.Release|Any CPU.ActiveCfg = Release|Any CPU
		{B858D8F5-D5A1-49CB-87C1-290774FD106D}.Release|Any CPU.Build.0 = Release|Any CPU
	EndGlobalSection
EndGlobal
