
Microsoft Visual Studio Solution File, Format Version 12.00
Project("{FAE04EC0-301F-11D3-BF4B-00C04F79EFBC}") = "TexturedSquare3D", "TexturedSquare3D\TexturedSquare3D.csproj", "{68CA2E36-6B25-4097-B792-6777DE649D84}"
EndProject
Global
	GlobalSection(SolutionConfigurationPlatforms) = preSolution
		Debug|Any CPU = Debug|Any CPU
		Release|Any CPU = Release|Any CPU
	EndGlobalSection
	GlobalSection(ProjectConfigurationPlatforms) = postSolution
		{68CA2E36-6B25-4097-B792-6777DE649D84}.Debug|Any CPU.ActiveCfg = Debug|Any CPU
		{68CA2E36-6B25-4097-B792-6777DE649D84}.Debug|Any CPU.Build.0 = Debug|Any CPU
		{68CA2E36-6B25-4097-B792-6777DE649D84}.Release|Any CPU.ActiveCfg = Release|Any CPU
		{68CA2E36-6B25-4097-B792-6777DE649D84}.Release|Any CPU.Build.0 = Release|Any CPU
	EndGlobalSection
EndGlobal
