
Microsoft Visual Studio Solution File, Format Version 12.00
# Visual Studio Version 16
VisualStudioVersion = 16.0.29709.97
MinimumVisualStudioVersion = 10.0.40219.1
Project("{FAE04EC0-301F-11D3-BF4B-00C04F79EFBC}") = "rcs", "rcs.csproj", "{2200FE51-DE5D-48E1-86FA-5DA5FD0A9754}"
EndProject
Global
	GlobalSection(SolutionConfigurationPlatforms) = preSolution
		Debug|Any CPU = Debug|Any CPU
		Release|Any CPU = Release|Any CPU
	EndGlobalSection
	GlobalSection(ProjectConfigurationPlatforms) = postSolution
		{2200FE51-DE5D-48E1-86FA-5DA5FD0A9754}.Debug|Any CPU.ActiveCfg = Debug|Any CPU
		{2200FE51-DE5D-48E1-86FA-5DA5FD0A9754}.Debug|Any CPU.Build.0 = Debug|Any CPU
		{2200FE51-DE5D-48E1-86FA-5DA5FD0A9754}.Release|Any CPU.ActiveCfg = Release|Any CPU
		{2200FE51-DE5D-48E1-86FA-5DA5FD0A9754}.Release|Any CPU.Build.0 = Release|Any CPU
	EndGlobalSection
	GlobalSection(SolutionProperties) = preSolution
		HideSolutionNode = FALSE
	EndGlobalSection
	GlobalSection(ExtensibilityGlobals) = postSolution
		SolutionGuid = {2CDC92FA-D958-4D9B-9F0F-FCB1C3C877E0}
	EndGlobalSection
EndGlobal
