
Microsoft Visual Studio Solution File, Format Version 12.00
# Visual Studio Version 16
VisualStudioVersion = 16.0.30621.155
MinimumVisualStudioVersion = 10.0.40219.1
Project("{FAE04EC0-301F-11D3-BF4B-00C04F79EFBC}") = "Editor", "..\Editor\Editor.csproj", "{9B866D70-63AC-419C-9349-FD25FFE78F0A}"
EndProject
Project("{FAE04EC0-301F-11D3-BF4B-00C04F79EFBC}") = "Lib", "..\Lib\Lib.csproj", "{7DFC9AE4-BB71-4DA7-B8B1-FBB99BB92578}"
EndProject
Global
	GlobalSection(SolutionConfigurationPlatforms) = preSolution
		Debug|Any CPU = Debug|Any CPU
		Release|Any CPU = Release|Any CPU
	EndGlobalSection
	GlobalSection(ProjectConfigurationPlatforms) = postSolution
		{9B866D70-63AC-419C-9349-FD25FFE78F0A}.Debug|Any CPU.ActiveCfg = Debug|Any CPU
		{9B866D70-63AC-419C-9349-FD25FFE78F0A}.Debug|Any CPU.Build.0 = Debug|Any CPU
		{9B866D70-63AC-419C-9349-FD25FFE78F0A}.Release|Any CPU.ActiveCfg = Release|Any CPU
		{9B866D70-63AC-419C-9349-FD25FFE78F0A}.Release|Any CPU.Build.0 = Release|Any CPU
		{7DFC9AE4-BB71-4DA7-B8B1-FBB99BB92578}.Debug|Any CPU.ActiveCfg = Debug|Any CPU
		{7DFC9AE4-BB71-4DA7-B8B1-FBB99BB92578}.Debug|Any CPU.Build.0 = Debug|Any CPU
		{7DFC9AE4-BB71-4DA7-B8B1-FBB99BB92578}.Release|Any CPU.ActiveCfg = Release|Any CPU
		{7DFC9AE4-BB71-4DA7-B8B1-FBB99BB92578}.Release|Any CPU.Build.0 = Release|Any CPU
	EndGlobalSection
	GlobalSection(SolutionProperties) = preSolution
		HideSolutionNode = FALSE
	EndGlobalSection
	GlobalSection(ExtensibilityGlobals) = postSolution
		SolutionGuid = {921897F0-213D-46C7-9DF0-DEDC9304D3FC}
	EndGlobalSection
EndGlobal
